
Microsoft Visual Studio Solution File, Format Version 12.00
# Visual Studio 15
VisualStudioVersion = 15.0.27130.2010
MinimumVisualStudioVersion = 10.0.40219.1
Project("{FAE04EC0-301F-11D3-BF4B-00C04F79EFBC}") = "FYP_App", "FYP_App\FYP_App.csproj", "{DAC31632-2429-4B80-BBA9-2DC5D6D5D8E6}"
EndProject
Global
	GlobalSection(SolutionConfigurationPlatforms) = preSolution
		Debug|Any CPU = Debug|Any CPU
		Release|Any CPU = Release|Any CPU
	EndGlobalSection
	GlobalSection(ProjectConfigurationPlatforms) = postSolution
		{DAC31632-2429-4B80-BBA9-2DC5D6D5D8E6}.Debug|Any CPU.ActiveCfg = Debug|Any CPU
		{DAC31632-2429-4B80-BBA9-2DC5D6D5D8E6}.Debug|Any CPU.Build.0 = Debug|Any CPU
		{DAC31632-2429-4B80-BBA9-2DC5D6D5D8E6}.Release|Any CPU.ActiveCfg = Release|Any CPU
		{DAC31632-2429-4B80-BBA9-2DC5D6D5D8E6}.Release|Any CPU.Build.0 = Release|Any CPU
	EndGlobalSection
	GlobalSection(SolutionProperties) = preSolution
		HideSolutionNode = FALSE
	EndGlobalSection
	GlobalSection(ExtensibilityGlobals) = postSolution
		SolutionGuid = {FD6DD74A-7FBB-47B2-AFC7-E5B712EA6CFB}
	EndGlobalSection
EndGlobal
